
Microsoft Visual Studio Solution File, Format Version 12.00
# Visual Studio Version 17
VisualStudioVersion = 17.8.34525.116
MinimumVisualStudioVersion = 10.0.40219.1
Project("{888888A0-9F3D-457C-B088-3A5042F75D52}") = "Reversi Game", "Game Prototype\Reversi Game.pyproj", "{E61FD70F-35D8-4E14-A72F-D3C9B3721A14}"
EndProject
Global
	GlobalSection(SolutionConfigurationPlatforms) = preSolution
		Debug|Any CPU = Debug|Any CPU
		Release|Any CPU = Release|Any CPU
	EndGlobalSection
	GlobalSection(ProjectConfigurationPlatforms) = postSolution
		{E61FD70F-35D8-4E14-A72F-D3C9B3721A14}.Debug|Any CPU.ActiveCfg = Debug|Any CPU
		{E61FD70F-35D8-4E14-A72F-D3C9B3721A14}.Release|Any CPU.ActiveCfg = Release|Any CPU
	EndGlobalSection
	GlobalSection(SolutionProperties) = preSolution
		HideSolutionNode = FALSE
	EndGlobalSection
	GlobalSection(ExtensibilityGlobals) = postSolution
		SolutionGuid = {99749585-2494-494B-B047-BDB9419425EF}
	EndGlobalSection
EndGlobal
